
Microsoft Visual Studio Solution File, Format Version 12.00
# Visual Studio 2013
VisualStudioVersion = 12.0.40629.0
MinimumVisualStudioVersion = 10.0.40219.1
Project("{FAE04EC0-301F-11D3-BF4B-00C04F79EFBC}") = "FinalProject", "FinalProject\FinalProject.csproj", "{AB7463B5-4B92-4495-982B-E744FD9A8E00}"
EndProject
Project("{FAE04EC0-301F-11D3-BF4B-00C04F79EFBC}") = "BusinessObjects", "BusinessObjects\BusinessObjects.csproj", "{D01CFCAB-E3EB-47FF-899E-4374DE22BD4B}"
EndProject
Project("{FAE04EC0-301F-11D3-BF4B-00C04F79EFBC}") = "BusinessLogic", "BusinessLogic\BusinessLogic.csproj", "{F8FAF11A-96C2-48E1-B07C-9F87CF757938}"
EndProject
Project("{FAE04EC0-301F-11D3-BF4B-00C04F79EFBC}") = "DataAccess", "DataAccess\DataAccess.csproj", "{FC64F8D5-EDC9-406B-966C-B9F7211CE1AC}"
EndProject
Global
	GlobalSection(SolutionConfigurationPlatforms) = preSolution
		Debug|Any CPU = Debug|Any CPU
		Release|Any CPU = Release|Any CPU
	EndGlobalSection
	GlobalSection(ProjectConfigurationPlatforms) = postSolution
		{AB7463B5-4B92-4495-982B-E744FD9A8E00}.Debug|Any CPU.ActiveCfg = Debug|Any CPU
		{AB7463B5-4B92-4495-982B-E744FD9A8E00}.Debug|Any CPU.Build.0 = Debug|Any CPU
		{AB7463B5-4B92-4495-982B-E744FD9A8E00}.Release|Any CPU.ActiveCfg = Release|Any CPU
		{AB7463B5-4B92-4495-982B-E744FD9A8E00}.Release|Any CPU.Build.0 = Release|Any CPU
		{D01CFCAB-E3EB-47FF-899E-4374DE22BD4B}.Debug|Any CPU.ActiveCfg = Debug|Any CPU
		{D01CFCAB-E3EB-47FF-899E-4374DE22BD4B}.Debug|Any CPU.Build.0 = Debug|Any CPU
		{D01CFCAB-E3EB-47FF-899E-4374DE22BD4B}.Release|Any CPU.ActiveCfg = Release|Any CPU
		{D01CFCAB-E3EB-47FF-899E-4374DE22BD4B}.Release|Any CPU.Build.0 = Release|Any CPU
		{F8FAF11A-96C2-48E1-B07C-9F87CF757938}.Debug|Any CPU.ActiveCfg = Debug|Any CPU
		{F8FAF11A-96C2-48E1-B07C-9F87CF757938}.Debug|Any CPU.Build.0 = Debug|Any CPU
		{F8FAF11A-96C2-48E1-B07C-9F87CF757938}.Release|Any CPU.ActiveCfg = Release|Any CPU
		{F8FAF11A-96C2-48E1-B07C-9F87CF757938}.Release|Any CPU.Build.0 = Release|Any CPU
		{FC64F8D5-EDC9-406B-966C-B9F7211CE1AC}.Debug|Any CPU.ActiveCfg = Debug|Any CPU
		{FC64F8D5-EDC9-406B-966C-B9F7211CE1AC}.Debug|Any CPU.Build.0 = Debug|Any CPU
		{FC64F8D5-EDC9-406B-966C-B9F7211CE1AC}.Release|Any CPU.ActiveCfg = Release|Any CPU
		{FC64F8D5-EDC9-406B-966C-B9F7211CE1AC}.Release|Any CPU.Build.0 = Release|Any CPU
	EndGlobalSection
	GlobalSection(SolutionProperties) = preSolution
		HideSolutionNode = FALSE
	EndGlobalSection
EndGlobal
